
Microsoft Visual Studio Solution File, Format Version 12.00
# Visual Studio Version 17
VisualStudioVersion = 17.3.32825.248
MinimumVisualStudioVersion = 10.0.40219.1
Project("{FAE04EC0-301F-11D3-BF4B-00C04F79EFBC}") = "Lab1", "Lab1.csproj", "{0E4FBFD3-24DD-4DAC-8FCF-2B4486F1347B}"
EndProject
Global
	GlobalSection(SolutionConfigurationPlatforms) = preSolution
		Debug|Any CPU = Debug|Any CPU
		Release|Any CPU = Release|Any CPU
	EndGlobalSection
	GlobalSection(ProjectConfigurationPlatforms) = postSolution
		{0E4FBFD3-24DD-4DAC-8FCF-2B4486F1347B}.Debug|Any CPU.ActiveCfg = Debug|Any CPU
		{0E4FBFD3-24DD-4DAC-8FCF-2B4486F1347B}.Debug|Any CPU.Build.0 = Debug|Any CPU
		{0E4FBFD3-24DD-4DAC-8FCF-2B4486F1347B}.Release|Any CPU.ActiveCfg = Release|Any CPU
		{0E4FBFD3-24DD-4DAC-8FCF-2B4486F1347B}.Release|Any CPU.Build.0 = Release|Any CPU
	EndGlobalSection
	GlobalSection(SolutionProperties) = preSolution
		HideSolutionNode = FALSE
	EndGlobalSection
	GlobalSection(ExtensibilityGlobals) = postSolution
		SolutionGuid = {4B2FA6D4-F6DE-416D-B8E7-1B807CF5FA47}
	EndGlobalSection
EndGlobal
